
Microsoft Visual Studio Solution File, Format Version 12.00
# Visual Studio Version 16
VisualStudioVersion = 16.0.29505.145
MinimumVisualStudioVersion = 10.0.40219.1
Project("{FAE04EC0-301F-11D3-BF4B-00C04F79EFBC}") = "HelloXamarin.Android", "HelloXamarin.Android\HelloXamarin.Android.csproj", "{ED68512D-C069-4764-A5EE-D50F2587CE2E}"
EndProject
Project("{FAE04EC0-301F-11D3-BF4B-00C04F79EFBC}") = "HelloXamarin", "HelloXamarin\HelloXamarin.csproj", "{31C24AE7-11D0-4DB4-B664-8529217BDCDA}"
EndProject
Global
	GlobalSection(SolutionConfigurationPlatforms) = preSolution
		Debug|Any CPU = Debug|Any CPU
		Release|Any CPU = Release|Any CPU
	EndGlobalSection
	GlobalSection(ProjectConfigurationPlatforms) = postSolution
		{ED68512D-C069-4764-A5EE-D50F2587CE2E}.Debug|Any CPU.ActiveCfg = Debug|Any CPU
		{ED68512D-C069-4764-A5EE-D50F2587CE2E}.Debug|Any CPU.Build.0 = Debug|Any CPU
		{ED68512D-C069-4764-A5EE-D50F2587CE2E}.Debug|Any CPU.Deploy.0 = Debug|Any CPU
		{ED68512D-C069-4764-A5EE-D50F2587CE2E}.Release|Any CPU.ActiveCfg = Release|Any CPU
		{ED68512D-C069-4764-A5EE-D50F2587CE2E}.Release|Any CPU.Build.0 = Release|Any CPU
		{ED68512D-C069-4764-A5EE-D50F2587CE2E}.Release|Any CPU.Deploy.0 = Release|Any CPU
		{31C24AE7-11D0-4DB4-B664-8529217BDCDA}.Debug|Any CPU.ActiveCfg = Debug|Any CPU
		{31C24AE7-11D0-4DB4-B664-8529217BDCDA}.Debug|Any CPU.Build.0 = Debug|Any CPU
		{31C24AE7-11D0-4DB4-B664-8529217BDCDA}.Debug|Any CPU.Deploy.0 = Debug|Any CPU
		{31C24AE7-11D0-4DB4-B664-8529217BDCDA}.Release|Any CPU.ActiveCfg = Release|Any CPU
		{31C24AE7-11D0-4DB4-B664-8529217BDCDA}.Release|Any CPU.Build.0 = Release|Any CPU
		{31C24AE7-11D0-4DB4-B664-8529217BDCDA}.Release|Any CPU.Deploy.0 = Release|Any CPU
	EndGlobalSection
	GlobalSection(SolutionProperties) = preSolution
		HideSolutionNode = FALSE
	EndGlobalSection
	GlobalSection(ExtensibilityGlobals) = postSolution
		SolutionGuid = {E96830EF-6E9B-42E5-B5C3-56F07FDBD13E}
	EndGlobalSection
EndGlobal
