
Microsoft Visual Studio Solution File, Format Version 12.00
# Visual Studio Version 16
VisualStudioVersion = 16.0.29512.175
MinimumVisualStudioVersion = 10.0.40219.1
Project("{FAE04EC0-301F-11D3-BF4B-00C04F79EFBC}") = "App1b.Android", "App1b\App1b.Android\App1b.Android.csproj", "{DE66E22D-4E18-4D09-A7B7-7A5F11030745}"
EndProject
Project("{FAE04EC0-301F-11D3-BF4B-00C04F79EFBC}") = "App1b", "App1b\App1b\App1b.csproj", "{67E98EB4-63B6-4296-90AF-1C2150BA1CA0}"
EndProject
Global
	GlobalSection(SolutionConfigurationPlatforms) = preSolution
		Debug|Any CPU = Debug|Any CPU
		Release|Any CPU = Release|Any CPU
	EndGlobalSection
	GlobalSection(ProjectConfigurationPlatforms) = postSolution
		{DE66E22D-4E18-4D09-A7B7-7A5F11030745}.Debug|Any CPU.ActiveCfg = Debug|Any CPU
		{DE66E22D-4E18-4D09-A7B7-7A5F11030745}.Debug|Any CPU.Build.0 = Debug|Any CPU
		{DE66E22D-4E18-4D09-A7B7-7A5F11030745}.Debug|Any CPU.Deploy.0 = Debug|Any CPU
		{DE66E22D-4E18-4D09-A7B7-7A5F11030745}.Release|Any CPU.ActiveCfg = Release|Any CPU
		{DE66E22D-4E18-4D09-A7B7-7A5F11030745}.Release|Any CPU.Build.0 = Release|Any CPU
		{DE66E22D-4E18-4D09-A7B7-7A5F11030745}.Release|Any CPU.Deploy.0 = Release|Any CPU
		{67E98EB4-63B6-4296-90AF-1C2150BA1CA0}.Debug|Any CPU.ActiveCfg = Debug|Any CPU
		{67E98EB4-63B6-4296-90AF-1C2150BA1CA0}.Debug|Any CPU.Build.0 = Debug|Any CPU
		{67E98EB4-63B6-4296-90AF-1C2150BA1CA0}.Debug|Any CPU.Deploy.0 = Debug|Any CPU
		{67E98EB4-63B6-4296-90AF-1C2150BA1CA0}.Release|Any CPU.ActiveCfg = Release|Any CPU
		{67E98EB4-63B6-4296-90AF-1C2150BA1CA0}.Release|Any CPU.Build.0 = Release|Any CPU
		{67E98EB4-63B6-4296-90AF-1C2150BA1CA0}.Release|Any CPU.Deploy.0 = Release|Any CPU
	EndGlobalSection
	GlobalSection(SolutionProperties) = preSolution
		HideSolutionNode = FALSE
	EndGlobalSection
	GlobalSection(ExtensibilityGlobals) = postSolution
		SolutionGuid = {4BA97F8E-B7CD-4C2E-B8B6-8ACBFE8C6383}
	EndGlobalSection
EndGlobal
